
Microsoft Visual Studio Solution File, Format Version 12.00
# Visual Studio 15
VisualStudioVersion = 15.0.28307.902
MinimumVisualStudioVersion = 10.0.40219.1
Project("{8BC9CEB8-8B4A-11D0-8D11-00A0C91BC942}") = "Project2", "Project2\Project2.vcxproj", "{648D2B22-1CFA-4244-AD49-0A3CD425D8CA}"
EndProject
Global
	GlobalSection(SolutionConfigurationPlatforms) = preSolution
		Debug|x64 = Debug|x64
		Debug|x86 = Debug|x86
		Release|x64 = Release|x64
		Release|x86 = Release|x86
	EndGlobalSection
	GlobalSection(ProjectConfigurationPlatforms) = postSolution
		{648D2B22-1CFA-4244-AD49-0A3CD425D8CA}.Debug|x64.ActiveCfg = Debug|x64
		{648D2B22-1CFA-4244-AD49-0A3CD425D8CA}.Debug|x64.Build.0 = Debug|x64
		{648D2B22-1CFA-4244-AD49-0A3CD425D8CA}.Debug|x86.ActiveCfg = Debug|Win32
		{648D2B22-1CFA-4244-AD49-0A3CD425D8CA}.Debug|x86.Build.0 = Debug|Win32
		{648D2B22-1CFA-4244-AD49-0A3CD425D8CA}.Release|x64.ActiveCfg = Release|x64
		{648D2B22-1CFA-4244-AD49-0A3CD425D8CA}.Release|x64.Build.0 = Release|x64
		{648D2B22-1CFA-4244-AD49-0A3CD425D8CA}.Release|x86.ActiveCfg = Release|Win32
		{648D2B22-1CFA-4244-AD49-0A3CD425D8CA}.Release|x86.Build.0 = Release|Win32
	EndGlobalSection
	GlobalSection(SolutionProperties) = preSolution
		HideSolutionNode = FALSE
	EndGlobalSection
	GlobalSection(ExtensibilityGlobals) = postSolution
		SolutionGuid = {C57A187F-C42D-4F3B-B49E-F6957C35CEA3}
	EndGlobalSection
EndGlobal
